<?xml version="1.0" encoding="utf-8"?>
<Project ToolsVersion="4.0" xmlns="http://schemas.microsoft.com/developer/msbuild/2003">
  <ItemGroup>
    <Filter Include="Source Files">
      <UniqueIdentifier>{4FC737F1-C7A5-4376-A066-2A32D752A2FF}</UniqueIdentifier>
      <Extensions>qml;cpp;c;cc;cxx;def;odl;idl;hpj;bat;asm;asmx</Extensions>
    </Filter>
    <Filter Include="Header Files">
      <UniqueIdentifier>{93995380-89BD-4b04-88EB-625FBE52EBFB}</UniqueIdentifier>
      <Extensions>h;hh;hpp;hxx;hm;inl;inc;xsd</Extensions>
    </Filter>
    <Filter Include="Resource Files">
      <UniqueIdentifier>{67DA6AB6-F800-4c08-8B7A-83BB121AAD01}</UniqueIdentifier>
      <Extensions>qrc;rc;ico;cur;bmp;dlg;rc2;rct;bin;rgs;gif;jpg;jpeg;jpe;resx;tiff;tif;png;wav;mfcribbon-ms</Extensions>
    </Filter>
    <Filter Include="Form Files">
      <UniqueIdentifier>{99349809-55BA-4b9d-BF79-8FDBB0286EB3}</UniqueIdentifier>
      <Extensions>ui</Extensions>
    </Filter>
    <Filter Include="Translation Files">
      <UniqueIdentifier>{639EADAA-A684-42e4-A9AD-28FC9BCB8F7C}</UniqueIdentifier>
      <Extensions>ts</Extensions>
    </Filter>
  </ItemGroup>
  <ItemGroup>
    <QtRcc Include="Player.qrc">
      <Filter>Resource Files</Filter>
    </QtRcc>
    <QtUic Include="Player.ui">
      <Filter>Form Files</Filter>
    </QtUic>
  </ItemGroup>
  <ItemGroup>
    <ClCompile Include="Client\Core\AudioDecoder.cpp">
      <Filter>Source Files</Filter>
    </ClCompile>
    <ClCompile Include="Client\Core\AudioRenderer.cpp">
      <Filter>Source Files</Filter>
    </ClCompile>
    <ClCompile Include="Client\Core\StreamAudioRenderer.cpp">
      <Filter>Source Files</Filter>
    </ClCompile>
    <ClCompile Include="Client\Core\FFmpegPlayer.cpp">
      <Filter>Source Files</Filter>
    </ClCompile>
    <ClCompile Include="Client\Core\SignalingClient.cpp">
      <Filter>Source Files</Filter>
    </ClCompile>
    <ClCompile Include="Client\Core\D3D11Pipeline.cpp">
      <Filter>Source Files</Filter>
    </ClCompile>
    <ClCompile Include="Client\Core\Nv12GpuUploader.cpp">
      <Filter>Source Files</Filter>
    </ClCompile>
    <ClCompile Include="Client\Core\SoftwareRenderer.cpp">
      <Filter>Source Files</Filter>
    </ClCompile>
    <ClCompile Include="Client\Core\VideoRenderer.cpp">
      <Filter>Source Files</Filter>
    </ClCompile>
    <ClCompile Include="Client\Core\Reader.cpp">
      <Filter>Source Files</Filter>
    </ClCompile>
    <ClCompile Include="Client\MainUI\ControlBar.cpp">
      <Filter>Source Files</Filter>
    </ClCompile>
    <ClCompile Include="Client\MainUI\FileBrowser.cpp">
      <Filter>Source Files</Filter>
    </ClCompile>
    <ClCompile Include="Client\MainUI\TitleBar.cpp">
      <Filter>Source Files</Filter>
    </ClCompile>
    <ClCompile Include="Client\MainUI\VideoWidget.cpp">
      <Filter>Source Files</Filter>
    </ClCompile>
    <ClCompile Include="Client\StreamUI\StreamVideoWidget.cpp">
      <Filter>Source Files</Filter>
    </ClCompile>
    <ClCompile Include="Client\StreamUI\StreamWindow.cpp">
      <Filter>Source Files</Filter>
    </ClCompile>
    <ClCompile Include="Client\Core\VideoDecoder.cpp">
      <Filter>Source Files</Filter>
    </ClCompile>
    <ClCompile Include="Client\MainUI\MainWindow.cpp">
      <Filter>Source Files</Filter>
    </ClCompile>
    <ClCompile Include="Server\OBS_Capture\ObsNvencEncoderFast.cpp">
      <Filter>Source Files</Filter>
    </ClCompile>
    <ClCompile Include="Server\OBS_Capture\CursorCapture.cpp">
      <Filter>Source Files</Filter>
    </ClCompile>
    <ClCompile Include="Server\OBS_Capture\DcCapture.cpp">
      <Filter>Source Files</Filter>
    </ClCompile>
    <ClCompile Include="Server\OBS_Capture\DxgiDuplicator.cpp">
      <Filter>Source Files</Filter>
    </ClCompile>
    <ClCompile Include="Server\OBS_Capture\MonitorCapture.cpp">
      <Filter>Source Files</Filter>
    </ClCompile>
    <ClCompile Include="Server\OBS_Capture\ObsNvencEncoder.cpp">
      <Filter>Source Files</Filter>
    </ClCompile>
    <ClCompile Include="Server\OBS_Capture\WgcCapture.cpp">
      <Filter>Source Files</Filter>
    </ClCompile>
    <ClCompile Include="Server\OBS_Capture\WindowCapture.cpp">
      <Filter>Source Files</Filter>
    </ClCompile>
    <ClCompile Include="Server\StreamServer.cpp">
      <Filter>Source Files</Filter>
    </ClCompile>
    <ClCompile Include="App\PlayerApp.cpp">
      <Filter>Source Files</Filter>
    </ClCompile>
    <ClCompile Include="App\main.cpp">
      <Filter>Source Files</Filter>
    </ClCompile>
    <ClCompile Include="Common\TcpServer.cpp">
      <Filter>Source Files</Filter>
    </ClCompile>
    <ClCompile Include="Common\WorkerThread.cpp">
      <Filter>Source Files</Filter>
    </ClCompile>
    <ClCompile Include="Common\NetWork\VideoSender.cpp">
      <Filter>Source Files</Filter>
    </ClCompile>
    <ClCompile Include="Common\NetWork\VideoReceiver.cpp">
      <Filter>Source Files</Filter>
    </ClCompile>
    <ClCompile Include="Common\Input\InputCollector.cpp">
      <Filter>Source Files</Filter>
    </ClCompile>
    <ClCompile Include="Common\Input\InputInjector.cpp">
      <Filter>Source Files</Filter>
    </ClCompile>
    <ClCompile Include="Common\Input\InputTransport.cpp">
      <Filter>Source Files</Filter>
    </ClCompile>
    <ClCompile Include="Common\LogManager.cpp">
      <Filter>Source Files</Filter>
    </ClCompile>
    <ClCompile Include="Server\AudioCapture\WasapiCapture.cpp">
      <Filter>Source Files</Filter>
    </ClCompile>
    <ClCompile Include="Server\AudioCapture\OpusAudioEncoder.cpp">
      <Filter>Source Files</Filter>
    </ClCompile>
    <ClCompile Include="Common\NetWork\AudioSender.cpp">
      <Filter>Source Files</Filter>
    </ClCompile>
    <ClCompile Include="Common\NetWork\AudioReceiver.cpp">
      <Filter>Source Files</Filter>
    </ClCompile>
    <ClCompile Include="Server\BitrateController.cpp">
      <Filter>Source Files</Filter>
    </ClCompile>
    <ClCompile Include="Client\Core\RttMeasurer.cpp">
      <Filter>Source Files</Filter>
    </ClCompile>
    <ClCompile Include="Client\StreamUI\ConnectDialog.cpp">
      <Filter>Source Files</Filter>
    </ClCompile>
    <ClCompile Include="Client\MainUI\LaunchPage.cpp">
      <Filter>Source Files</Filter>
    </ClCompile>
    <ClCompile Include="Client\MainUI\PlayerPage.cpp">
      <Filter>Source Files</Filter>
    </ClCompile>
    <ClCompile Include="Client\ServerUI\ServerPanel.cpp">
      <Filter>Source Files</Filter>
    </ClCompile>
    <ClCompile Include="Client\Core\Pacer.cpp">
      <Filter>Source Files</Filter>
    </ClCompile>
  </ItemGroup>
  <ItemGroup>
    <QtMoc Include="Common\TcpServer.h">
      <Filter>Header Files</Filter>
    </QtMoc>
    <QtMoc Include="Client\MainUI\FileBrowser.h">
      <Filter>Header Files</Filter>
    </QtMoc>
    <QtMoc Include="Client\MainUI\TitleBar.h">
      <Filter>Header Files</Filter>
    </QtMoc>
    <QtMoc Include="App\PlayerApp.h">
      <Filter>Header Files</Filter>
    </QtMoc>
    <QtMoc Include="Client\MainUI\ControlBar.h">
      <Filter>Header Files</Filter>
    </QtMoc>
    <QtMoc Include="Client\MainUI\VideoWidget.h">
      <Filter>Header Files</Filter>
    </QtMoc>
    <QtMoc Include="Client\StreamUI\StreamVideoWidget.h">
      <Filter>Header Files</Filter>
    </QtMoc>
    <QtMoc Include="Client\StreamUI\StreamWindow.h">
      <Filter>Header Files</Filter>
    </QtMoc>
    <QtMoc Include="Common\WorkerThread.h">
      <Filter>Header Files</Filter>
    </QtMoc>
    <QtMoc Include="Client\Core\AudioRenderer.h">
      <Filter>Header Files</Filter>
    </QtMoc>
    <QtMoc Include="Client\Core\StreamAudioRenderer.h">
      <Filter>Header Files</Filter>
    </QtMoc>
    <QtMoc Include="Client\Core\VideoRenderer.h">
      <Filter>Header Files</Filter>
    </QtMoc>
    <QtMoc Include="Client\Core\SoftwareRenderer.h">
      <Filter>Header Files</Filter>
    </QtMoc>
    <QtMoc Include="Client\Core\FFmpegPlayer.h">
      <Filter>Header Files</Filter>
    </QtMoc>
    <ClInclude Include="Client\Core\SignalingClient.h">
      <Filter>Header Files</Filter>
    </ClInclude>
    <QtMoc Include="Client\MainUI\MainWindow.h">
      <Filter>Header Files</Filter>
    </QtMoc>
    <QtMoc Include="Client\StreamUI\ConnectDialog.h">
      <Filter>Header Files</Filter>
    </QtMoc>
    <QtMoc Include="Client\MainUI\PlayerPage.h">
      <Filter>Header Files</Filter>
    </QtMoc>
    <QtMoc Include="Client\MainUI\LaunchPage.h">
      <Filter>Header Files</Filter>
    </QtMoc>
    <QtMoc Include="Client\ServerUI\ServerPanel.h">
      <Filter>Header Files</Filter>
    </QtMoc>
  </ItemGroup>
  <ItemGroup>
    <ClInclude Include="Client\Core\AudioDecoder.h">
      <Filter>Header Files</Filter>
    </ClInclude>
    <ClInclude Include="Common\ClockUtil.h">
      <Filter>Header Files</Filter>
    </ClInclude>
    <ClInclude Include="Common\SafeQueue.h">
      <Filter>Header Files</Filter>
    </ClInclude>
    <ClInclude Include="Common\NetWork\NalUnit.h">
      <Filter>Header Files</Filter>
    </ClInclude>
    <ClInclude Include="Common\NetWork\VideoSender.h">
      <Filter>Header Files</Filter>
    </ClInclude>
    <ClInclude Include="Common\NetWork\VideoReceiver.h">
      <Filter>Header Files</Filter>
    </ClInclude>
    <ClInclude Include="Common\Input\InputCollector.h">
      <Filter>Header Files</Filter>
    </ClInclude>
    <ClInclude Include="Common\Input\InputInjector.h">
      <Filter>Header Files</Filter>
    </ClInclude>
    <ClInclude Include="Common\Input\InputTransport.h">
      <Filter>Header Files</Filter>
    </ClInclude>
    <ClInclude Include="Common\Input\InputEvent.h">
      <Filter>Header Files</Filter>
    </ClInclude>
    <ClInclude Include="Common\LogManager.h">
      <Filter>Header Files</Filter>
    </ClInclude>
    <ClInclude Include="Client\Core\Reader.h">
      <Filter>Header Files</Filter>
    </ClInclude>
    <ClInclude Include="Client\Core\VideoDecoder.h">
      <Filter>Header Files</Filter>
    </ClInclude>
    <ClInclude Include="Server\OBS_Capture\ObsNvencEncoderFast.h">
      <Filter>Header Files</Filter>
    </ClInclude>
    <ClInclude Include="Server\OBS_Capture\IVideoEncoder.h">
      <Filter>Header Files</Filter>
    </ClInclude>
    <ClInclude Include="Server\OBS_Capture\CaptureCommon.h">
      <Filter>Header Files</Filter>
    </ClInclude>
    <ClInclude Include="Server\OBS_Capture\CursorCapture.h">
      <Filter>Header Files</Filter>
    </ClInclude>
    <ClInclude Include="Server\OBS_Capture\DcCapture.h">
      <Filter>Header Files</Filter>
    </ClInclude>
    <ClInclude Include="Server\OBS_Capture\DxgiDuplicator.h">
      <Filter>Header Files</Filter>
    </ClInclude>
    <ClInclude Include="Server\OBS_Capture\MonitorCapture.h">
      <Filter>Header Files</Filter>
    </ClInclude>
    <ClInclude Include="Server\OBS_Capture\ObsNvencEncoder.h">
      <Filter>Header Files</Filter>
    </ClInclude>
    <ClInclude Include="Server\OBS_Capture\WgcCapture.h">
      <Filter>Header Files</Filter>
    </ClInclude>
    <ClInclude Include="Server\OBS_Capture\WindowCapture.h">
      <Filter>Header Files</Filter>
    </ClInclude>
    <ClInclude Include="Server\StreamServer.h">
      <Filter>Header Files</Filter>
    </ClInclude>
    <ClInclude Include="Client\Core\D3D11Pipeline.h">
      <Filter>Header Files</Filter>
    </ClInclude>
    <ClInclude Include="Client\Core\Nv12GpuUploader.h">
      <Filter>Header Files</Filter>
    </ClInclude>
    <ClInclude Include="Common\NetWork\AudioSender.h">
      <Filter>Header Files</Filter>
    </ClInclude>
    <ClInclude Include="Common\NetWork\AudioReceiver.h">
      <Filter>Header Files</Filter>
    </ClInclude>
    <ClInclude Include="Server\AudioCapture\WasapiCapture.h">
      <Filter>Header Files</Filter>
    </ClInclude>
    <ClInclude Include="Server\AudioCapture\OpusAudioEncoder.h">
      <Filter>Header Files</Filter>
    </ClInclude>
    <ClInclude Include="Server\BitrateController.h">
      <Filter>Header Files</Filter>
    </ClInclude>
    <ClInclude Include="Common\NetWork\NetworkStats.h">
      <Filter>Header Files</Filter>
    </ClInclude>
    <ClInclude Include="Client\Core\RttMeasurer.h">
      <Filter>Header Files</Filter>
    </ClInclude>
    <ClInclude Include="Client\Core\Pacer.h">
      <Filter>Header Files</Filter>
    </ClInclude>
  </ItemGroup>
  <ItemGroup>
    <None Include="Notes\8k30帧.md" />
    <None Include="Notes\播放器完整流程拆解.md" />
    <None Include="Notes\补齐基础知识-自学.md" />
    <None Include="Notes\从 CPU 到 GPU 的演进总结.md" />
    <None Include="Notes\大纲.md" />
    <None Include="Notes\软解码.md" />
    <None Include="Notes\AI边缘检测.md" />
    <None Include="Notes\视频帧渲染完整流程.md" />
    <None Include="Notes\音视频同步.md" />
    <None Include="Notes\音视频同步踩坑.md" />
    <None Include="Notes\ffplay完整流程分析.md" />
    <None Include="Notes\基于ffplay的音视频同步改造.md" />
    <None Include="QSS\style.qss" />
    <None Include="Notes\MoonLight\Moonlight 学习笔记：从零实现低延迟桌面串流.md" />
    <None Include="Notes\MoonLight\桌面捕获.md" />
    <None Include="Notes\MoonLight\基于 FFmpeg nvenc.c 做录屏迁移.md" />
    <None Include="Notes\MoonLight\基于OBS的屏幕捕获.md" />
    <None Include="Notes\用户交互.md" />
    <None Include="Notes\MoonLight\第二阶段笔记：UDP网络传输与客户端解码.md" />
    <None Include="Notes\MoonLight\输入事件转发系统技术文档.md" />
    <None Include="Notes\MoonLight\第四阶段笔记：音频串流实现.md" />
    <None Include="Notes\MoonLight\第六阶段：控制信道改造 + 网络统计与自适应码率 — 详细实现设计.md" />
    <None Include="Notes\MoonLight\第七阶段：统一客户端应用 — 详细实现设计.md" />
    <None Include="Notes\MoonLight\第五阶段：抗丢包机制 — 详细实现设计.md" />
    <None Include="Notes\MoonLight\第八阶段：体验打磨 — 详细实现设计.md" />
  </ItemGroup>
</Project>