<?xml version="1.0" encoding="utf-8"?>
<Project ToolsVersion="4.0" xmlns="http://schemas.microsoft.com/developer/msbuild/2003">
  <ItemGroup>
    <Filter Include="Source Files">
      <UniqueIdentifier>{4FC737F1-C7A5-4376-A066-2A32D752A2FF}</UniqueIdentifier>
      <Extensions>qml;cpp;c;cc;cxx;def;odl;idl;hpj;bat;asm;asmx</Extensions>
    </Filter>
    <Filter Include="Header Files">
      <UniqueIdentifier>{93995380-89BD-4b04-88EB-625FBE52EBFB}</UniqueIdentifier>
      <Extensions>h;hh;hpp;hxx;hm;inl;inc;xsd</Extensions>
    </Filter>
    <Filter Include="Resource Files">
      <UniqueIdentifier>{67DA6AB6-F800-4c08-8B7A-83BB121AAD01}</UniqueIdentifier>
      <Extensions>qrc;rc;ico;cur;bmp;dlg;rc2;rct;bin;rgs;gif;jpg;jpeg;jpe;resx;tiff;tif;png;wav;mfcribbon-ms</Extensions>
    </Filter>
    <Filter Include="Form Files">
      <UniqueIdentifier>{99349809-55BA-4b9d-BF79-8FDBB0286EB3}</UniqueIdentifier>
      <Extensions>ui</Extensions>
    </Filter>
    <Filter Include="Translation Files">
      <UniqueIdentifier>{639EADAA-A684-42e4-A9AD-28FC9BCB8F7C}</UniqueIdentifier>
      <Extensions>ts</Extensions>
    </Filter>
  </ItemGroup>
  <ItemGroup>
    <QtRcc Include="Player.qrc">
      <Filter>Resource Files</Filter>
    </QtRcc>
    <QtUic Include="Player.ui">
      <Filter>Form Files</Filter>
    </QtUic>
    <QtMoc Include="MainUI\MainWindow.h">
      <Filter>Header Files</Filter>
    </QtMoc>
    <ClCompile Include="MainUI\MainWindow.cpp">
      <Filter>Source Files</Filter>
    </ClCompile>
  </ItemGroup>
  <ItemGroup>
    <ClCompile Include="main.cpp">
      <Filter>Source Files</Filter>
    </ClCompile>
    <ClCompile Include="TCP\TcpServer.cpp">
      <Filter>Source Files</Filter>
    </ClCompile>
    <ClCompile Include="Core\D3D11Pipeline.cpp">
      <Filter>Source Files</Filter>
    </ClCompile>
    <ClCompile Include="Core\Nv12GpuUploader.cpp">
      <Filter>Source Files</Filter>
    </ClCompile>
    <ClCompile Include="Core\SoftwareRenderer.cpp">
      <Filter>Source Files</Filter>
    </ClCompile>
    <ClCompile Include="Core\FFmpegPlayer.cpp">
      <Filter>Source Files</Filter>
    </ClCompile>
    <ClCompile Include="Core\AudioRenderer.cpp">
      <Filter>Source Files</Filter>
    </ClCompile>
    <ClCompile Include="Core\VideoRenderer.cpp">
      <Filter>Source Files</Filter>
    </ClCompile>
    <ClCompile Include="Core\Reader.cpp">
      <Filter>Source Files</Filter>
    </ClCompile>
    <ClCompile Include="Thread\WorkerThread.cpp">
      <Filter>Source Files</Filter>
    </ClCompile>
    <ClCompile Include="Core\VideoDecoder.cpp">
      <Filter>Source Files</Filter>
    </ClCompile>
    <ClCompile Include="Core\AudioDecoder.cpp">
      <Filter>Source Files</Filter>
    </ClCompile>
    <ClCompile Include="MainUI\VideoWidget.cpp">
      <Filter>Source Files</Filter>
    </ClCompile>
    <ClCompile Include="MainUI\ControlBar.cpp">
      <Filter>Source Files</Filter>
    </ClCompile>
    <ClCompile Include="PlayerApp.cpp">
      <Filter>Source Files</Filter>
    </ClCompile>
    <ClCompile Include="MainUI\TitleBar.cpp">
      <Filter>Source Files</Filter>
    </ClCompile>
    <ClCompile Include="MainUI\FileBrowser.cpp">
      <Filter>Source Files</Filter>
    </ClCompile>
    <ClCompile Include="Capture\ScreenCapture.cpp">
      <Filter>Source Files</Filter>
    </ClCompile>
    <ClCompile Include="Capture\NvencEncoder.cpp">
      <Filter>Source Files</Filter>
    </ClCompile>
    <ClCompile Include="Capture\NvEncLibrary.cpp">
      <Filter>Source Files</Filter>
    </ClCompile>
    <ClCompile Include="Capture\NvEncSurfacePool.cpp">
      <Filter>Source Files</Filter>
    </ClCompile>
    <ClCompile Include="Capture\NvEncSession.cpp">
      <Filter>Source Files</Filter>
    </ClCompile>
    <ClCompile Include="OBS_Capture\CursorCapture.cpp">
      <Filter>Source Files</Filter>
    </ClCompile>
    <ClCompile Include="OBS_Capture\DcCapture.cpp">
      <Filter>Source Files</Filter>
    </ClCompile>
    <ClCompile Include="OBS_Capture\DxgiDuplicator.cpp">
      <Filter>Source Files</Filter>
    </ClCompile>
    <ClCompile Include="OBS_Capture\MonitorCapture.cpp">
      <Filter>Source Files</Filter>
    </ClCompile>
    <ClCompile Include="OBS_Capture\WgcCapture.cpp">
      <Filter>Source Files</Filter>
    </ClCompile>
    <ClCompile Include="OBS_Capture\WindowCapture.cpp">
      <Filter>Source Files</Filter>
    </ClCompile>
    <ClCompile Include="OBS_Capture\ObsNvencEncoder.cpp">
      <Filter>Source Files</Filter>
    </ClCompile>
  </ItemGroup>
  <ItemGroup>
    <QtMoc Include="TCP\TcpServer.h">
      <Filter>Header Files</Filter>
    </QtMoc>
    <QtMoc Include="Core\SoftwareRenderer.h">
      <Filter>Header Files</Filter>
    </QtMoc>
    <QtMoc Include="Core\FFmpegPlayer.h">
      <Filter>Header Files</Filter>
    </QtMoc>
    <QtMoc Include="Thread\WorkerThread.h">
      <Filter>Header Files</Filter>
    </QtMoc>
    <QtMoc Include="Core\AudioRenderer.h">
      <Filter>Header Files</Filter>
    </QtMoc>
    <QtMoc Include="Core\VideoRenderer.h">
      <Filter>Header Files</Filter>
    </QtMoc>
    <QtMoc Include="MainUI\VideoWidget.h">
      <Filter>Header Files</Filter>
    </QtMoc>
    <QtMoc Include="MainUI\ControlBar.h">
      <Filter>Header Files</Filter>
    </QtMoc>
    <QtMoc Include="PlayerApp.h">
      <Filter>Header Files</Filter>
    </QtMoc>
    <QtMoc Include="MainUI\TitleBar.h">
      <Filter>Header Files</Filter>
    </QtMoc>
    <QtMoc Include="MainUI\FileBrowser.h">
      <Filter>Header Files</Filter>
    </QtMoc>
  </ItemGroup>
  <ItemGroup>
    <ClInclude Include="Core\D3D11Pipeline.h">
      <Filter>Header Files</Filter>
    </ClInclude>
    <ClInclude Include="Core\Nv12GpuUploader.h">
      <Filter>Header Files</Filter>
    </ClInclude>
    <ClInclude Include="Core\SafeQueue.h">
      <Filter>Header Files</Filter>
    </ClInclude>
    <ClInclude Include="Core\Reader.h">
      <Filter>Header Files</Filter>
    </ClInclude>
    <ClInclude Include="Core\VideoDecoder.h">
      <Filter>Header Files</Filter>
    </ClInclude>
    <ClInclude Include="Core\AudioDecoder.h">
      <Filter>Header Files</Filter>
    </ClInclude>
    <ClInclude Include="Core\ClockUtil.h">
      <Filter>Header Files</Filter>
    </ClInclude>
    <ClInclude Include="Capture\ScreenCapture.h">
      <Filter>Header Files</Filter>
    </ClInclude>
    <ClInclude Include="Capture\NvencEncoder.h">
      <Filter>Header Files</Filter>
    </ClInclude>
    <ClInclude Include="Capture\NvEncLibrary.h">
      <Filter>Header Files</Filter>
    </ClInclude>
    <ClInclude Include="Capture\NvEncSurfacePool.h">
      <Filter>Header Files</Filter>
    </ClInclude>
    <ClInclude Include="Capture\NvEncSession.h">
      <Filter>Header Files</Filter>
    </ClInclude>
    <ClInclude Include="OBS_Capture\CaptureCommon.h">
      <Filter>Header Files</Filter>
    </ClInclude>
    <ClInclude Include="OBS_Capture\CursorCapture.h">
      <Filter>Header Files</Filter>
    </ClInclude>
    <ClInclude Include="OBS_Capture\DcCapture.h">
      <Filter>Header Files</Filter>
    </ClInclude>
    <ClInclude Include="OBS_Capture\DxgiDuplicator.h">
      <Filter>Header Files</Filter>
    </ClInclude>
    <ClInclude Include="OBS_Capture\MonitorCapture.h">
      <Filter>Header Files</Filter>
    </ClInclude>
    <ClInclude Include="OBS_Capture\WgcCapture.h">
      <Filter>Header Files</Filter>
    </ClInclude>
    <ClInclude Include="OBS_Capture\WindowCapture.h">
      <Filter>Header Files</Filter>
    </ClInclude>
    <ClInclude Include="OBS_Capture\ObsNvencEncoder.h">
      <Filter>Header Files</Filter>
    </ClInclude>
  </ItemGroup>
  <ItemGroup>
    <None Include="Notes\8k30帧.md" />
    <None Include="Notes\播放器完整流程拆解.md" />
    <None Include="Notes\补齐基础知识-自学.md" />
    <None Include="Notes\从 CPU 到 GPU 的演进总结.md" />
    <None Include="Notes\大纲.md" />
    <None Include="Notes\软解码.md" />
    <None Include="Notes\AI边缘检测.md" />
    <None Include="Notes\视频帧渲染完整流程.md" />
    <None Include="Notes\音视频同步.md" />
    <None Include="Notes\音视频同步踩坑.md" />
    <None Include="Notes\ffplay完整流程分析.md" />
    <None Include="Notes\基于ffplay的音视频同步改造.md" />
    <None Include="QSS\style.qss" />
    <None Include="Notes\MoonLight\Moonlight 学习笔记：从零实现低延迟桌面串流.md" />
    <None Include="Notes\MoonLight\桌面捕获.md" />
  </ItemGroup>
</Project>