<?xml version="1.0" encoding="utf-8"?>
<Project ToolsVersion="4.0" xmlns="http://schemas.microsoft.com/developer/msbuild/2003">
  <ItemGroup>
    <Filter Include="Source Files">
      <UniqueIdentifier>{4FC737F1-C7A5-4376-A066-2A32D752A2FF}</UniqueIdentifier>
      <Extensions>qml;cpp;c;cc;cxx;def;odl;idl;hpj;bat;asm;asmx</Extensions>
    </Filter>
    <Filter Include="Header Files">
      <UniqueIdentifier>{93995380-89BD-4b04-88EB-625FBE52EBFB}</UniqueIdentifier>
      <Extensions>h;hh;hpp;hxx;hm;inl;inc;xsd</Extensions>
    </Filter>
    <Filter Include="Resource Files">
      <UniqueIdentifier>{67DA6AB6-F800-4c08-8B7A-83BB121AAD01}</UniqueIdentifier>
      <Extensions>qrc;rc;ico;cur;bmp;dlg;rc2;rct;bin;rgs;gif;jpg;jpeg;jpe;resx;tiff;tif;png;wav;mfcribbon-ms</Extensions>
    </Filter>
    <Filter Include="Form Files">
      <UniqueIdentifier>{99349809-55BA-4b9d-BF79-8FDBB0286EB3}</UniqueIdentifier>
      <Extensions>ui</Extensions>
    </Filter>
    <Filter Include="Translation Files">
      <UniqueIdentifier>{639EADAA-A684-42e4-A9AD-28FC9BCB8F7C}</UniqueIdentifier>
      <Extensions>ts</Extensions>
    </Filter>
  </ItemGroup>
  <ItemGroup>
    <QtRcc Include="Player.qrc">
      <Filter>Resource Files</Filter>
    </QtRcc>
    <QtUic Include="Player.ui">
      <Filter>Form Files</Filter>
    </QtUic>
    <QtMoc Include="MainUI\MainWindow.h">
      <Filter>Header Files</Filter>
    </QtMoc>
    <ClCompile Include="MainUI\MainWindow.cpp">
      <Filter>Source Files</Filter>
    </ClCompile>
  </ItemGroup>
  <ItemGroup>
    <ClCompile Include="main.cpp">
      <Filter>Source Files</Filter>
    </ClCompile>
    <ClCompile Include="TCP\TcpServer.cpp">
      <Filter>Source Files</Filter>
    </ClCompile>
    <ClCompile Include="Core\FFmpegDecoder.cpp">
      <Filter>Source Files</Filter>
    </ClCompile>
    <ClCompile Include="Core\D3D11Pipeline.cpp">
      <Filter>Source Files</Filter>
    </ClCompile>
    <ClCompile Include="Core\Nv12GpuUploader.cpp">
      <Filter>Source Files</Filter>
    </ClCompile>
    <ClCompile Include="Core\SoftwareRenderer.cpp">
      <Filter>Source Files</Filter>
    </ClCompile>
    <ClCompile Include="Core\FFmpegPlayer.cpp">
      <Filter>Source Files</Filter>
    </ClCompile>
    <ClCompile Include="Core\AudioRenderer.cpp">
      <Filter>Source Files</Filter>
    </ClCompile>
    <ClCompile Include="Core\VideoRenderer.cpp">
      <Filter>Source Files</Filter>
    </ClCompile>
    <ClCompile Include="Core\Reader.cpp">
      <Filter>Source Files</Filter>
    </ClCompile>
    <ClCompile Include="Core\Decoder.cpp">
      <Filter>Source Files</Filter>
    </ClCompile>
    <ClCompile Include="Thread\WorkerThread.cpp">
      <Filter>Source Files</Filter>
    </ClCompile>
  </ItemGroup>
  <ItemGroup>
    <QtMoc Include="TCP\TcpServer.h">
      <Filter>Header Files</Filter>
    </QtMoc>
    <QtMoc Include="Core\SoftwareRenderer.h">
      <Filter>Header Files</Filter>
    </QtMoc>
    <QtMoc Include="Core\FFmpegPlayer.h">
      <Filter>Header Files</Filter>
    </QtMoc>
    <QtMoc Include="Thread\WorkerThread.h">
      <Filter>Header Files</Filter>
    </QtMoc>
    <QtMoc Include="Core\AudioRenderer.h">
      <Filter>Header Files</Filter>
    </QtMoc>
    <QtMoc Include="Core\VideoRenderer.h">
      <Filter>Header Files</Filter>
    </QtMoc>
  </ItemGroup>
  <ItemGroup>
    <ClInclude Include="Core\FFmpegDecoder.h">
      <Filter>Header Files</Filter>
    </ClInclude>
    <ClInclude Include="Core\D3D11Pipeline.h">
      <Filter>Header Files</Filter>
    </ClInclude>
    <ClInclude Include="Core\Nv12GpuUploader.h">
      <Filter>Header Files</Filter>
    </ClInclude>
    <ClInclude Include="Core\SafeQueue.h">
      <Filter>Header Files</Filter>
    </ClInclude>
    <ClInclude Include="Core\Reader.h">
      <Filter>Header Files</Filter>
    </ClInclude>
    <ClInclude Include="Core\Decoder.h">
      <Filter>Header Files</Filter>
    </ClInclude>
  </ItemGroup>
  <ItemGroup>
    <None Include="Notes\8k30帧.md" />
    <None Include="Notes\播放器完整流程拆解.md" />
    <None Include="Notes\补齐基础知识-自学.md" />
    <None Include="Notes\从 CPU 到 GPU 的演进总结.md" />
    <None Include="Notes\大纲.md" />
    <None Include="Notes\软解码.md" />
  </ItemGroup>
</Project>